// !$*UTF8*$!
{
	archiveVersion = 1;
	classes = {
	};
	objectVersion = 46;
	objects = {

/* Begin PBXBuildFile section */
		840123531E4A4D9900D7063E /* main.m in Sources */ = {isa = PBXBuildFile; fileRef = 840123521E4A4D9900D7063E /* main.m */; };
		840123561E4A4D9900D7063E /* AppDelegate.m in Sources */ = {isa = PBXBuildFile; fileRef = 840123551E4A4D9900D7063E /* AppDelegate.m */; };
		840123591E4A4D9900D7063E /* DetailViewController.m in Sources */ = {isa = PBXBuildFile; fileRef = 840123581E4A4D9900D7063E /* DetailViewController.m */; };
		8401235C1E4A4D9900D7063E /* Main.storyboard in Resources */ = {isa = PBXBuildFile; fileRef = 8401235A1E4A4D9900D7063E /* Main.storyboard */; };
		8401235E1E4A4D9900D7063E /* Assets.xcassets in Resources */ = {isa = PBXBuildFile; fileRef = 8401235D1E4A4D9900D7063E /* Assets.xcassets */; };
		840123611E4A4D9900D7063E /* LaunchScreen.storyboard in Resources */ = {isa = PBXBuildFile; fileRef = 8401235F1E4A4D9900D7063E /* LaunchScreen.storyboard */; };
		8401236C1E4A4D9900D7063E /* CurrencyTests.m in Sources */ = {isa = PBXBuildFile; fileRef = 8401236B1E4A4D9900D7063E /* CurrencyTests.m */; };
		840123771E4A4D9900D7063E /* CurrencyUITests.m in Sources */ = {isa = PBXBuildFile; fileRef = 840123761E4A4D9900D7063E /* CurrencyUITests.m */; };
		840123861E4A554E00D7063E /* MainTableViewController.m in Sources */ = {isa = PBXBuildFile; fileRef = 840123851E4A554E00D7063E /* MainTableViewController.m */; };
/* End PBXBuildFile section */

/* Begin PBXContainerItemProxy section */
		840123681E4A4D9900D7063E /* PBXContainerItemProxy */ = {
			isa = PBXContainerItemProxy;
			containerPortal = 840123461E4A4D9900D7063E /* Project object */;
			proxyType = 1;
			remoteGlobalIDString = 8401234D1E4A4D9900D7063E;
			remoteInfo = Currency;
		};
		840123731E4A4D9900D7063E /* PBXContainerItemProxy */ = {
			isa = PBXContainerItemProxy;
			containerPortal = 840123461E4A4D9900D7063E /* Project object */;
			proxyType = 1;
			remoteGlobalIDString = 8401234D1E4A4D9900D7063E;
			remoteInfo = Currency;
		};
/* End PBXContainerItemProxy section */

/* Begin PBXFileReference section */
		8401234E1E4A4D9900D7063E /* Currency.app */ = {isa = PBXFileReference; explicitFileType = wrapper.application; includeInIndex = 0; path = Currency.app; sourceTree = BUILT_PRODUCTS_DIR; };
		840123521E4A4D9900D7063E /* main.m */ = {isa = PBXFileReference; lastKnownFileType = sourcecode.c.objc; path = main.m; sourceTree = "<group>"; };
		840123541E4A4D9900D7063E /* AppDelegate.h */ = {isa = PBXFileReference; lastKnownFileType = sourcecode.c.h; path = AppDelegate.h; sourceTree = "<group>"; };
		840123551E4A4D9900D7063E /* AppDelegate.m */ = {isa = PBXFileReference; lastKnownFileType = sourcecode.c.objc; path = AppDelegate.m; sourceTree = "<group>"; };
		840123571E4A4D9900D7063E /* DetailViewController.h */ = {isa = PBXFileReference; lastKnownFileType = sourcecode.c.h; path = DetailViewController.h; sourceTree = "<group>"; };
		840123581E4A4D9900D7063E /* DetailViewController.m */ = {isa = PBXFileReference; lastKnownFileType = sourcecode.c.objc; path = DetailViewController.m; sourceTree = "<group>"; };
		8401235B1E4A4D9900D7063E /* Base */ = {isa = PBXFileReference; lastKnownFileType = file.storyboard; name = Base; path = Base.lproj/Main.storyboard; sourceTree = "<group>"; };
		8401235D1E4A4D9900D7063E /* Assets.xcassets */ = {isa = PBXFileReference; lastKnownFileType = folder.assetcatalog; path = Assets.xcassets; sourceTree = "<group>"; };
		840123601E4A4D9900D7063E /* Base */ = {isa = PBXFileReference; lastKnownFileType = file.storyboard; name = Base; path = Base.lproj/LaunchScreen.storyboard; sourceTree = "<group>"; };
		840123621E4A4D9900D7063E /* Info.plist */ = {isa = PBXFileReference; lastKnownFileType = text.plist.xml; path = Info.plist; sourceTree = "<group>"; };
		840123671E4A4D9900D7063E /* CurrencyTests.xctest */ = {isa = PBXFileReference; explicitFileType = wrapper.cfbundle; includeInIndex = 0; path = CurrencyTests.xctest; sourceTree = BUILT_PRODUCTS_DIR; };
		8401236B1E4A4D9900D7063E /* CurrencyTests.m */ = {isa = PBXFileReference; lastKnownFileType = sourcecode.c.objc; path = CurrencyTests.m; sourceTree = "<group>"; };
		8401236D1E4A4D9900D7063E /* Info.plist */ = {isa = PBXFileReference; lastKnownFileType = text.plist.xml; path = Info.plist; sourceTree = "<group>"; };
		840123721E4A4D9900D7063E /* CurrencyUITests.xctest */ = {isa = PBXFileReference; explicitFileType = wrapper.cfbundle; includeInIndex = 0; path = CurrencyUITests.xctest; sourceTree = BUILT_PRODUCTS_DIR; };
		840123761E4A4D9900D7063E /* CurrencyUITests.m */ = {isa = PBXFileReference; lastKnownFileType = sourcecode.c.objc; path = CurrencyUITests.m; sourceTree = "<group>"; };
		840123781E4A4D9900D7063E /* Info.plist */ = {isa = PBXFileReference; lastKnownFileType = text.plist.xml; path = Info.plist; sourceTree = "<group>"; };
		840123841E4A554E00D7063E /* MainTableViewController.h */ = {isa = PBXFileReference; fileEncoding = 4; lastKnownFileType = sourcecode.c.h; path = MainTableViewController.h; sourceTree = "<group>"; };
		840123851E4A554E00D7063E /* MainTableViewController.m */ = {isa = PBXFileReference; fileEncoding = 4; lastKnownFileType = sourcecode.c.objc; path = MainTableViewController.m; sourceTree = "<group>"; };
/* End PBXFileReference section */

/* Begin PBXFrameworksBuildPhase section */
		8401234B1E4A4D9900D7063E /* Frameworks */ = {
			isa = PBXFrameworksBuildPhase;
			buildActionMask = 2147483647;
			files = (
			);
			runOnlyForDeploymentPostprocessing = 0;
		};
		840123641E4A4D9900D7063E /* Frameworks */ = {
			isa = PBXFrameworksBuildPhase;
			buildActionMask = 2147483647;
			files = (
			);
			runOnlyForDeploymentPostprocessing = 0;
		};
		8401236F1E4A4D9900D7063E /* Frameworks */ = {
			isa = PBXFrameworksBuildPhase;
			buildActionMask = 2147483647;
			files = (
			);
			runOnlyForDeploymentPostprocessing = 0;
		};
/* End PBXFrameworksBuildPhase section */

/* Begin PBXGroup section */
		840123451E4A4D9900D7063E = {
			isa = PBXGroup;
			children = (
				840123501E4A4D9900D7063E /* Currency */,
				8401236A1E4A4D9900D7063E /* CurrencyTests */,
				840123751E4A4D9900D7063E /* CurrencyUITests */,
				8401234F1E4A4D9900D7063E /* Products */,
			);
			sourceTree = "<group>";
		};
		8401234F1E4A4D9900D7063E /* Products */ = {
			isa = PBXGroup;
			children = (
				8401234E1E4A4D9900D7063E /* Currency.app */,
				840123671E4A4D9900D7063E /* CurrencyTests.xctest */,
				840123721E4A4D9900D7063E /* CurrencyUITests.xctest */,
			);
			name = Products;
			sourceTree = "<group>";
		};
		840123501E4A4D9900D7063E /* Currency */ = {
			isa = PBXGroup;
			children = (
				840123541E4A4D9900D7063E /* AppDelegate.h */,
				840123551E4A4D9900D7063E /* AppDelegate.m */,
				840123571E4A4D9900D7063E /* DetailViewController.h */,
				840123581E4A4D9900D7063E /* DetailViewController.m */,
				8401235A1E4A4D9900D7063E /* Main.storyboard */,
				8401235D1E4A4D9900D7063E /* Assets.xcassets */,
				8401235F1E4A4D9900D7063E /* LaunchScreen.storyboard */,
				840123621E4A4D9900D7063E /* Info.plist */,
				840123511E4A4D9900D7063E /* Supporting Files */,
				840123841E4A554E00D7063E /* MainTableViewController.h */,
				840123851E4A554E00D7063E /* MainTableViewController.m */,
			);
			path = Currency;
			sourceTree = "<group>";
		};
		840123511E4A4D9900D7063E /* Supporting Files */ = {
			isa = PBXGroup;
			children = (
				840123521E4A4D9900D7063E /* main.m */,
			);
			name = "Supporting Files";
			sourceTree = "<group>";
		};
		8401236A1E4A4D9900D7063E /* CurrencyTests */ = {
			isa = PBXGroup;
			children = (
				8401236B1E4A4D9900D7063E /* CurrencyTests.m */,
				8401236D1E4A4D9900D7063E /* Info.plist */,
			);
			path = CurrencyTests;
			sourceTree = "<group>";
		};
		840123751E4A4D9900D7063E /* CurrencyUITests */ = {
			isa = PBXGroup;
			children = (
				840123761E4A4D9900D7063E /* CurrencyUITests.m */,
				840123781E4A4D9900D7063E /* Info.plist */,
			);
			path = CurrencyUITests;
			sourceTree = "<group>";
		};
/* End PBXGroup section */

/* Begin PBXNativeTarget section */
		8401234D1E4A4D9900D7063E /* Currency */ = {
			isa = PBXNativeTarget;
			buildConfigurationList = 8401237B1E4A4D9900D7063E /* Build configuration list for PBXNativeTarget "Currency" */;
			buildPhases = (
				8401234A1E4A4D9900D7063E /* Sources */,
				8401234B1E4A4D9900D7063E /* Frameworks */,
				8401234C1E4A4D9900D7063E /* Resources */,
			);
			buildRules = (
			);
			dependencies = (
			);
			name = Currency;
			productName = Currency;
			productReference = 8401234E1E4A4D9900D7063E /* Currency.app */;
			productType = "com.apple.product-type.application";
		};
		840123661E4A4D9900D7063E /* CurrencyTests */ = {
			isa = PBXNativeTarget;
			buildConfigurationList = 8401237E1E4A4D9900D7063E /* Build configuration list for PBXNativeTarget "CurrencyTests" */;
			buildPhases = (
				840123631E4A4D9900D7063E /* Sources */,
				840123641E4A4D9900D7063E /* Frameworks */,
				840123651E4A4D9900D7063E /* Resources */,
			);
			buildRules = (
			);
			dependencies = (
				840123691E4A4D9900D7063E /* PBXTargetDependency */,
			);
			name = CurrencyTests;
			productName = CurrencyTests;
			productReference = 840123671E4A4D9900D7063E /* CurrencyTests.xctest */;
			productType = "com.apple.product-type.bundle.unit-test";
		};
		840123711E4A4D9900D7063E /* CurrencyUITests */ = {
			isa = PBXNativeTarget;
			buildConfigurationList = 840123811E4A4D9900D7063E /* Build configuration list for PBXNativeTarget "CurrencyUITests" */;
			buildPhases = (
				8401236E1E4A4D9900D7063E /* Sources */,
				8401236F1E4A4D9900D7063E /* Frameworks */,
				840123701E4A4D9900D7063E /* Resources */,
			);
			buildRules = (
			);
			dependencies = (
				840123741E4A4D9900D7063E /* PBXTargetDependency */,
			);
			name = CurrencyUITests;
			productName = CurrencyUITests;
			productReference = 840123721E4A4D9900D7063E /* CurrencyUITests.xctest */;
			productType = "com.apple.product-type.bundle.ui-testing";
		};
/* End PBXNativeTarget section */

/* Begin PBXProject section */
		840123461E4A4D9900D7063E /* Project object */ = {
			isa = PBXProject;
			attributes = {
				LastUpgradeCheck = 0820;
				ORGANIZATIONNAME = Admin;
				TargetAttributes = {
					8401234D1E4A4D9900D7063E = {
						CreatedOnToolsVersion = 8.2.1;
						ProvisioningStyle = Automatic;
					};
					840123661E4A4D9900D7063E = {
						CreatedOnToolsVersion = 8.2.1;
						ProvisioningStyle = Automatic;
						TestTargetID = 8401234D1E4A4D9900D7063E;
					};
					840123711E4A4D9900D7063E = {
						CreatedOnToolsVersion = 8.2.1;
						ProvisioningStyle = Automatic;
						TestTargetID = 8401234D1E4A4D9900D7063E;
					};
				};
			};
			buildConfigurationList = 840123491E4A4D9900D7063E /* Build configuration list for PBXProject "Currency" */;
			compatibilityVersion = "Xcode 3.2";
			developmentRegion = English;
			hasScannedForEncodings = 0;
			knownRegions = (
				en,
				Base,
			);
			mainGroup = 840123451E4A4D9900D7063E;
			productRefGroup = 8401234F1E4A4D9900D7063E /* Products */;
			projectDirPath = "";
			projectRoot = "";
			targets = (
				8401234D1E4A4D9900D7063E /* Currency */,
				840123661E4A4D9900D7063E /* CurrencyTests */,
				840123711E4A4D9900D7063E /* CurrencyUITests */,
			);
		};
/* End PBXProject section */

/* Begin PBXResourcesBuildPhase section */
		8401234C1E4A4D9900D7063E /* Resources */ = {
			isa = PBXResourcesBuildPhase;
			buildActionMask = 2147483647;
			files = (
				840123611E4A4D9900D7063E /* LaunchScreen.storyboard in Resources */,
				8401235E1E4A4D9900D7063E /* Assets.xcassets in Resources */,
				8401235C1E4A4D9900D7063E /* Main.storyboard in Resources */,
			);
			runOnlyForDeploymentPostprocessing = 0;
		};
		840123651E4A4D9900D7063E /* Resources */ = {
			isa = PBXResourcesBuildPhase;
			buildActionMask = 2147483647;
			files = (
			);
			runOnlyForDeploymentPostprocessing = 0;
		};
		840123701E4A4D9900D7063E /* Resources */ = {
			isa = PBXResourcesBuildPhase;
			buildActionMask = 2147483647;
			files = (
			);
			runOnlyForDeploymentPostprocessing = 0;
		};
/* End PBXResourcesBuildPhase section */

/* Begin PBXSourcesBuildPhase section */
		8401234A1E4A4D9900D7063E /* Sources */ = {
			isa = PBXSourcesBuildPhase;
			buildActionMask = 2147483647;
			files = (
				840123861E4A554E00D7063E /* MainTableViewController.m in Sources */,
				840123591E4A4D9900D7063E /* DetailViewController.m in Sources */,
				840123561E4A4D9900D7063E /* AppDelegate.m in Sources */,
				840123531E4A4D9900D7063E /* main.m in Sources */,
			);
			runOnlyForDeploymentPostprocessing = 0;
		};
		840123631E4A4D9900D7063E /* Sources */ = {
			isa = PBXSourcesBuildPhase;
			buildActionMask = 2147483647;
			files = (
				8401236C1E4A4D9900D7063E /* CurrencyTests.m in Sources */,
			);
			runOnlyForDeploymentPostprocessing = 0;
		};
		8401236E1E4A4D9900D7063E /* Sources */ = {
			isa = PBXSourcesBuildPhase;
			buildActionMask = 2147483647;
			files = (
				840123771E4A4D9900D7063E /* CurrencyUITests.m in Sources */,
			);
			runOnlyForDeploymentPostprocessing = 0;
		};
/* End PBXSourcesBuildPhase section */

/* Begin PBXTargetDependency section */
		840123691E4A4D9900D7063E /* PBXTargetDependency */ = {
			isa = PBXTargetDependency;
			target = 8401234D1E4A4D9900D7063E /* Currency */;
			targetProxy = 840123681E4A4D9900D7063E /* PBXContainerItemProxy */;
		};
		840123741E4A4D9900D7063E /* PBXTargetDependency */ = {
			isa = PBXTargetDependency;
			target = 8401234D1E4A4D9900D7063E /* Currency */;
			targetProxy = 840123731E4A4D9900D7063E /* PBXContainerItemProxy */;
		};
/* End PBXTargetDependency section */

/* Begin PBXVariantGroup section */
		8401235A1E4A4D9900D7063E /* Main.storyboard */ = {
			isa = PBXVariantGroup;
			children = (
				8401235B1E4A4D9900D7063E /* Base */,
			);
			name = Main.storyboard;
			sourceTree = "<group>";
		};
		8401235F1E4A4D9900D7063E /* LaunchScreen.storyboard */ = {
			isa = PBXVariantGroup;
			children = (
				840123601E4A4D9900D7063E /* Base */,
			);
			name = LaunchScreen.storyboard;
			sourceTree = "<group>";
		};
/* End PBXVariantGroup section */

/* Begin XCBuildConfiguration section */
		840123791E4A4D9900D7063E /* Debug */ = {
			isa = XCBuildConfiguration;
			buildSettings = {
				ALWAYS_SEARCH_USER_PATHS = NO;
				CLANG_ANALYZER_NONNULL = YES;
				CLANG_CXX_LANGUAGE_STANDARD = "gnu++0x";
				CLANG_CXX_LIBRARY = "libc++";
				CLANG_ENABLE_MODULES = YES;
				CLANG_ENABLE_OBJC_ARC = YES;
				CLANG_WARN_BOOL_CONVERSION = YES;
				CLANG_WARN_CONSTANT_CONVERSION = YES;
				CLANG_WARN_DIRECT_OBJC_ISA_USAGE = YES_ERROR;
				CLANG_WARN_DOCUMENTATION_COMMENTS = YES;
				CLANG_WARN_EMPTY_BODY = YES;
				CLANG_WARN_ENUM_CONVERSION = YES;
				CLANG_WARN_INFINITE_RECURSION = YES;
				CLANG_WARN_INT_CONVERSION = YES;
				CLANG_WARN_OBJC_ROOT_CLASS = YES_ERROR;
				CLANG_WARN_SUSPICIOUS_MOVE = YES;
				CLANG_WARN_UNREACHABLE_CODE = YES;
				CLANG_WARN__DUPLICATE_METHOD_MATCH = YES;
				"CODE_SIGN_IDENTITY[sdk=iphoneos*]" = "iPhone Developer";
				COPY_PHASE_STRIP = NO;
				DEBUG_INFORMATION_FORMAT = dwarf;
				ENABLE_STRICT_OBJC_MSGSEND = YES;
				ENABLE_TESTABILITY = YES;
				GCC_C_LANGUAGE_STANDARD = gnu99;
				GCC_DYNAMIC_NO_PIC = NO;
				GCC_NO_COMMON_BLOCKS = YES;
				GCC_OPTIMIZATION_LEVEL = 0;
				GCC_PREPROCESSOR_DEFINITIONS = (
					"DEBUG=1",
					"$(inherited)",
				);
				GCC_WARN_64_TO_32_BIT_CONVERSION = YES;
				GCC_WARN_ABOUT_RETURN_TYPE = YES_ERROR;
				GCC_WARN_UNDECLARED_SELECTOR = YES;
				GCC_WARN_UNINITIALIZED_AUTOS = YES_AGGRESSIVE;
				GCC_WARN_UNUSED_FUNCTION = YES;
				GCC_WARN_UNUSED_VARIABLE = YES;
				IPHONEOS_DEPLOYMENT_TARGET = 10.2;
				MTL_ENABLE_DEBUG_INFO = YES;
				ONLY_ACTIVE_ARCH = YES;
				SDKROOT = iphoneos;
			};
			name = Debug;
		};
		8401237A1E4A4D9900D7063E /* Release */ = {
			isa = XCBuildConfiguration;
			buildSettings = {
				ALWAYS_SEARCH_USER_PATHS = NO;
				CLANG_ANALYZER_NONNULL = YES;
				CLANG_CXX_LANGUAGE_STANDARD = "gnu++0x";
				CLANG_CXX_LIBRARY = "libc++";
				CLANG_ENABLE_MODULES = YES;
				CLANG_ENABLE_OBJC_ARC = YES;
				CLANG_WARN_BOOL_CONVERSION = YES;
				CLANG_WARN_CONSTANT_CONVERSION = YES;
				CLANG_WARN_DIRECT_OBJC_ISA_USAGE = YES_ERROR;
				CLANG_WARN_DOCUMENTATION_COMMENTS = YES;
				CLANG_WARN_EMPTY_BODY = YES;
				CLANG_WARN_ENUM_CONVERSION = YES;
				CLANG_WARN_INFINITE_RECURSION = YES;
				CLANG_WARN_INT_CONVERSION = YES;
				CLANG_WARN_OBJC_ROOT_CLASS = YES_ERROR;
				CLANG_WARN_SUSPICIOUS_MOVE = YES;
				CLANG_WARN_UNREACHABLE_CODE = YES;
				CLANG_WARN__DUPLICATE_METHOD_MATCH = YES;
				"CODE_SIGN_IDENTITY[sdk=iphoneos*]" = "iPhone Developer";
				COPY_PHASE_STRIP = NO;
				DEBUG_INFORMATION_FORMAT = "dwarf-with-dsym";
				ENABLE_NS_ASSERTIONS = NO;
				ENABLE_STRICT_OBJC_MSGSEND = YES;
				GCC_C_LANGUAGE_STANDARD = gnu99;
				GCC_NO_COMMON_BLOCKS = YES;
				GCC_WARN_64_TO_32_BIT_CONVERSION = YES;
				GCC_WARN_ABOUT_RETURN_TYPE = YES_ERROR;
				GCC_WARN_UNDECLARED_SELECTOR = YES;
				GCC_WARN_UNINITIALIZED_AUTOS = YES_AGGRESSIVE;
				GCC_WARN_UNUSED_FUNCTION = YES;
				GCC_WARN_UNUSED_VARIABLE = YES;
				IPHONEOS_DEPLOYMENT_TARGET = 10.2;
				MTL_ENABLE_DEBUG_INFO = NO;
				SDKROOT = iphoneos;
				VALIDATE_PRODUCT = YES;
			};
			name = Release;
		};
		8401237C1E4A4D9900D7063E /* Debug */ = {
			isa = XCBuildConfiguration;
			buildSettings = {
				ASSETCATALOG_COMPILER_APPICON_NAME = AppIcon;
				INFOPLIST_FILE = Currency/Info.plist;
				LD_RUNPATH_SEARCH_PATHS = "$(inherited) @executable_path/Frameworks";
				PRODUCT_BUNDLE_IDENTIFIER = Currency.Currency;
				PRODUCT_NAME = "$(TARGET_NAME)";
			};
			name = Debug;
		};
		8401237D1E4A4D9900D7063E /* Release */ = {
			isa = XCBuildConfiguration;
			buildSettings = {
				ASSETCATALOG_COMPILER_APPICON_NAME = AppIcon;
				INFOPLIST_FILE = Currency/Info.plist;
				LD_RUNPATH_SEARCH_PATHS = "$(inherited) @executable_path/Frameworks";
				PRODUCT_BUNDLE_IDENTIFIER = Currency.Currency;
				PRODUCT_NAME = "$(TARGET_NAME)";
			};
			name = Release;
		};
		8401237F1E4A4D9900D7063E /* Debug */ = {
			isa = XCBuildConfiguration;
			buildSettings = {
				BUNDLE_LOADER = "$(TEST_HOST)";
				INFOPLIST_FILE = CurrencyTests/Info.plist;
				LD_RUNPATH_SEARCH_PATHS = "$(inherited) @executable_path/Frameworks @loader_path/Frameworks";
				PRODUCT_BUNDLE_IDENTIFIER = Currency.CurrencyTests;
				PRODUCT_NAME = "$(TARGET_NAME)";
				TEST_HOST = "$(BUILT_PRODUCTS_DIR)/Currency.app/Currency";
			};
			name = Debug;
		};
		840123801E4A4D9900D7063E /* Release */ = {
			isa = XCBuildConfiguration;
			buildSettings = {
				BUNDLE_LOADER = "$(TEST_HOST)";
				INFOPLIST_FILE = CurrencyTests/Info.plist;
				LD_RUNPATH_SEARCH_PATHS = "$(inherited) @executable_path/Frameworks @loader_path/Frameworks";
				PRODUCT_BUNDLE_IDENTIFIER = Currency.CurrencyTests;
				PRODUCT_NAME = "$(TARGET_NAME)";
				TEST_HOST = "$(BUILT_PRODUCTS_DIR)/Currency.app/Currency";
			};
			name = Release;
		};
		840123821E4A4D9900D7063E /* Debug */ = {
			isa = XCBuildConfiguration;
			buildSettings = {
				INFOPLIST_FILE = CurrencyUITests/Info.plist;
				LD_RUNPATH_SEARCH_PATHS = "$(inherited) @executable_path/Frameworks @loader_path/Frameworks";
				PRODUCT_BUNDLE_IDENTIFIER = Currency.CurrencyUITests;
				PRODUCT_NAME = "$(TARGET_NAME)";
				TEST_TARGET_NAME = Currency;
			};
			name = Debug;
		};
		840123831E4A4D9900D7063E /* Release */ = {
			isa = XCBuildConfiguration;
			buildSettings = {
				INFOPLIST_FILE = CurrencyUITests/Info.plist;
				LD_RUNPATH_SEARCH_PATHS = "$(inherited) @executable_path/Frameworks @loader_path/Frameworks";
				PRODUCT_BUNDLE_IDENTIFIER = Currency.CurrencyUITests;
				PRODUCT_NAME = "$(TARGET_NAME)";
				TEST_TARGET_NAME = Currency;
			};
			name = Release;
		};
/* End XCBuildConfiguration section */

/* Begin XCConfigurationList section */
		840123491E4A4D9900D7063E /* Build configuration list for PBXProject "Currency" */ = {
			isa = XCConfigurationList;
			buildConfigurations = (
				840123791E4A4D9900D7063E /* Debug */,
				8401237A1E4A4D9900D7063E /* Release */,
			);
			defaultConfigurationIsVisible = 0;
			defaultConfigurationName = Release;
		};
		8401237B1E4A4D9900D7063E /* Build configuration list for PBXNativeTarget "Currency" */ = {
			isa = XCConfigurationList;
			buildConfigurations = (
				8401237C1E4A4D9900D7063E /* Debug */,
				8401237D1E4A4D9900D7063E /* Release */,
			);
			defaultConfigurationIsVisible = 0;
		};
		8401237E1E4A4D9900D7063E /* Build configuration list for PBXNativeTarget "CurrencyTests" */ = {
			isa = XCConfigurationList;
			buildConfigurations = (
				8401237F1E4A4D9900D7063E /* Debug */,
				840123801E4A4D9900D7063E /* Release */,
			);
			defaultConfigurationIsVisible = 0;
		};
		840123811E4A4D9900D7063E /* Build configuration list for PBXNativeTarget "CurrencyUITests" */ = {
			isa = XCConfigurationList;
			buildConfigurations = (
				840123821E4A4D9900D7063E /* Debug */,
				840123831E4A4D9900D7063E /* Release */,
			);
			defaultConfigurationIsVisible = 0;
		};
/* End XCConfigurationList section */
	};
	rootObject = 840123461E4A4D9900D7063E /* Project object */;
}
